
Microsoft Visual Studio Solution File, Format Version 12.00
# Visual Studio 14
VisualStudioVersion = 14.0.23107.0
MinimumVisualStudioVersion = 10.0.40219.1
Project("{FAE04EC0-301F-11D3-BF4B-00C04F79EFBC}") = "PasswordCrackingDistributedServer", "PasswordCrackingDistributedServer\PasswordCrackingDistributedServer.csproj", "{CDBD31AA-0274-4374-A7AE-182ACC5F1A03}"
EndProject
Project("{FAE04EC0-301F-11D3-BF4B-00C04F79EFBC}") = "PasswordCrackingClient", "PasswordCrackingClient\PasswordCrackingClient.csproj", "{5AD5F4EA-0F75-4FE2-94CC-764305932C18}"
	ProjectSection(ProjectDependencies) = postProject
		{CDBD31AA-0274-4374-A7AE-182ACC5F1A03} = {CDBD31AA-0274-4374-A7AE-182ACC5F1A03}
	EndProjectSection
EndProject
Global
	GlobalSection(SolutionConfigurationPlatforms) = preSolution
		Debug|Any CPU = Debug|Any CPU
		Release|Any CPU = Release|Any CPU
	EndGlobalSection
	GlobalSection(ProjectConfigurationPlatforms) = postSolution
		{CDBD31AA-0274-4374-A7AE-182ACC5F1A03}.Debug|Any CPU.ActiveCfg = Debug|Any CPU
		{CDBD31AA-0274-4374-A7AE-182ACC5F1A03}.Debug|Any CPU.Build.0 = Debug|Any CPU
		{CDBD31AA-0274-4374-A7AE-182ACC5F1A03}.Release|Any CPU.ActiveCfg = Release|Any CPU
		{CDBD31AA-0274-4374-A7AE-182ACC5F1A03}.Release|Any CPU.Build.0 = Release|Any CPU
		{5AD5F4EA-0F75-4FE2-94CC-764305932C18}.Debug|Any CPU.ActiveCfg = Debug|Any CPU
		{5AD5F4EA-0F75-4FE2-94CC-764305932C18}.Debug|Any CPU.Build.0 = Debug|Any CPU
		{5AD5F4EA-0F75-4FE2-94CC-764305932C18}.Release|Any CPU.ActiveCfg = Release|Any CPU
		{5AD5F4EA-0F75-4FE2-94CC-764305932C18}.Release|Any CPU.Build.0 = Release|Any CPU
	EndGlobalSection
	GlobalSection(SolutionProperties) = preSolution
		HideSolutionNode = FALSE
	EndGlobalSection
EndGlobal
